
Microsoft Visual Studio Solution File, Format Version 12.00
# Visual Studio Version 16
VisualStudioVersion = 16.0.29806.167
MinimumVisualStudioVersion = 10.0.40219.1
Project("{FAE04EC0-301F-11D3-BF4B-00C04F79EFBC}") = "Task1", "Task1\Task1.csproj", "{D627147C-98AB-45C5-AB57-35680D01D81D}"
EndProject
Global
	GlobalSection(SolutionConfigurationPlatforms) = preSolution
		Debug|Any CPU = Debug|Any CPU
		Release|Any CPU = Release|Any CPU
	EndGlobalSection
	GlobalSection(ProjectConfigurationPlatforms) = postSolution
		{D627147C-98AB-45C5-AB57-35680D01D81D}.Debug|Any CPU.ActiveCfg = Debug|Any CPU
		{D627147C-98AB-45C5-AB57-35680D01D81D}.Debug|Any CPU.Build.0 = Debug|Any CPU
		{D627147C-98AB-45C5-AB57-35680D01D81D}.Release|Any CPU.ActiveCfg = Release|Any CPU
		{D627147C-98AB-45C5-AB57-35680D01D81D}.Release|Any CPU.Build.0 = Release|Any CPU
	EndGlobalSection
	GlobalSection(SolutionProperties) = preSolution
		HideSolutionNode = FALSE
	EndGlobalSection
	GlobalSection(ExtensibilityGlobals) = postSolution
		SolutionGuid = {8D8F6BB7-C6DE-4588-B824-3E95C8EF05D3}
	EndGlobalSection
EndGlobal
